
Microsoft Visual Studio Solution File, Format Version 12.00
# Visual Studio Version 17
VisualStudioVersion = 17.0.31903.59
MinimumVisualStudioVersion = 10.0.40219.1
Project("{8BC9CEB8-8B4A-11D0-8D11-00A0C91BC942}") = "초성퀴즈", "초성퀴즈\초성퀴즈.vcxproj", "{EB8F0733-D274-44DB-A034-7386E6514A3F}"
EndProject
Project("{54435603-DBB4-11D2-8724-00A0C9A8B90C}") = "int i initial quiz", "int i initial quiz\int i initial quiz.vdproj", "{D83A66EA-73A3-43BB-8707-905527F28490}"
EndProject
Global
	GlobalSection(SolutionConfigurationPlatforms) = preSolution
		Debug|x64 = Debug|x64
		Debug|x86 = Debug|x86
		Release|x64 = Release|x64
		Release|x86 = Release|x86
	EndGlobalSection
	GlobalSection(ProjectConfigurationPlatforms) = postSolution
		{EB8F0733-D274-44DB-A034-7386E6514A3F}.Debug|x64.ActiveCfg = Debug|x64
		{EB8F0733-D274-44DB-A034-7386E6514A3F}.Debug|x64.Build.0 = Debug|x64
		{EB8F0733-D274-44DB-A034-7386E6514A3F}.Debug|x86.ActiveCfg = Debug|Win32
		{EB8F0733-D274-44DB-A034-7386E6514A3F}.Debug|x86.Build.0 = Debug|Win32
		{EB8F0733-D274-44DB-A034-7386E6514A3F}.Release|x64.ActiveCfg = Release|x64
		{EB8F0733-D274-44DB-A034-7386E6514A3F}.Release|x64.Build.0 = Release|x64
		{EB8F0733-D274-44DB-A034-7386E6514A3F}.Release|x86.ActiveCfg = Release|Win32
		{EB8F0733-D274-44DB-A034-7386E6514A3F}.Release|x86.Build.0 = Release|Win32
		{D83A66EA-73A3-43BB-8707-905527F28490}.Debug|x64.ActiveCfg = Debug
		{D83A66EA-73A3-43BB-8707-905527F28490}.Debug|x86.ActiveCfg = Debug
		{D83A66EA-73A3-43BB-8707-905527F28490}.Release|x64.ActiveCfg = Release
		{D83A66EA-73A3-43BB-8707-905527F28490}.Release|x64.Build.0 = Release
		{D83A66EA-73A3-43BB-8707-905527F28490}.Release|x86.ActiveCfg = Release
	EndGlobalSection
	GlobalSection(SolutionProperties) = preSolution
		HideSolutionNode = FALSE
	EndGlobalSection
	GlobalSection(ExtensibilityGlobals) = postSolution
		SolutionGuid = {0E7D439C-EE71-4146-9A82-D632F38781AC}
	EndGlobalSection
EndGlobal
